# This file is @generated by PDM.
# It is not intended for manual editing.

[metadata]
groups = ["default"]
strategy = []
lock_version = "4.5.0"
content_hash = "sha256:e011e076cf97eb03e5582472ff5623eaf31a65df9f1f47c86664d6b6971f9ca2"

[[metadata.targets]]
requires_python = "==3.12.*"

[[package]]
name = "antlr4-python3-runtime"
version = "4.13.2"
summary = ""
files = [
    {file = "antlr4_python3_runtime-4.13.2-py3-none-any.whl", hash = "sha256:fe3835eb8d33daece0e799090eda89719dbccee7aa39ef94eed3818cafa5a7e8"},
    {file = "antlr4_python3_runtime-4.13.2.tar.gz", hash = "sha256:909b647e1d2fc2b70180ac586df3933e38919c85f98ccc656a96cd3f25ef3916"},
]

[[package]]
name = "beautifulsoup4"
version = "4.15.0"
summary = ""
dependencies = [
    "soupsieve",
    "typing-extensions",
]
files = [
    {file = "beautifulsoup4-4.15.0-py3-none-any.whl", hash = "sha256:d6f88de62e1d4e38ecb1077eb9724cd0eff29d2a08ca16a401e9b9e93f117cf9"},
    {file = "beautifulsoup4-4.15.0.tar.gz", hash = "sha256:288e3ca7d54b06f2ac191970bc275c1939cb46d450b255bf6718b04aa37ab4f7"},
]

[[package]]
name = "html2text"
version = "2025.4.15"
summary = ""
files = [
    {file = "html2text-2025.4.15-py3-none-any.whl", hash = "sha256:00569167ffdab3d7767a4cdf589b7f57e777a5ed28d12907d8c58769ec734acc"},
    {file = "html2text-2025.4.15.tar.gz", hash = "sha256:948a645f8f0bc3abe7fd587019a2197a12436cd73d0d4908af95bfc8da337588"},
]

[[package]]
name = "luaparser"
version = "4.2.0"
summary = ""
dependencies = [
    "antlr4-python3-runtime",
    "multimethod",
]
files = [
    {file = "luaparser-4.2.0-py3-none-any.whl", hash = "sha256:f73b1a66ff51351d28f067348ebbb4533401fc761926654d0448e34531ce3a34"},
    {file = "luaparser-4.2.0.tar.gz", hash = "sha256:315e1588b23500befaf824604c2d0ea75daf894b5507126636a8cfa9dc3d7636"},
]

[[package]]
name = "lupa"
version = "2.8"
summary = ""
files = [
    {file = "lupa-2.8-cp310-abi3-win32.whl", hash = "sha256:c2a5fd15dc62374e1661a55f01744c9ec1c56f291ba4a0749d3af2174556e78f"},
    {file = "lupa-2.8-cp310-abi3-win_arm64.whl", hash = "sha256:9e304fb1c50cf23fd8882afbe1aa87525ef8a72667bcab3b37b2bbb2bc542269"},
    {file = "lupa-2.8-cp312-abi3-macosx_10_13_x86_64.whl", hash = "sha256:f4342f4de76ae7ce2ab0672d36003bdb7e1a33252f293b569298ddd792e70e33"},
    {file = "lupa-2.8-cp312-abi3-manylinux2010_i686.manylinux_2_12_i686.manylinux_2_28_i686.whl", hash = "sha256:4203fa1659315e939a5304e75001b8cc14234fb3cbb3ed86c049b0cc5d90fcee"},
    {file = "lupa-2.8-cp312-abi3-manylinux2014_armv7l.manylinux_2_17_armv7l.manylinux_2_31_armv7l.whl", hash = "sha256:81f2d843ce668b653146c007467570210ae44be51dac6926666c51d49536f307"},
    {file = "lupa-2.8-cp312-abi3-manylinux2014_ppc64le.manylinux_2_17_ppc64le.manylinux_2_28_ppc64le.whl", hash = "sha256:d3d0cde2c77588d1c60875a4f34f059513476c6e1775351897195b51e0f3df08"},
    {file = "lupa-2.8-cp312-abi3-manylinux_2_34_riscv64.manylinux_2_39_riscv64.whl", hash = "sha256:9e0d11b8f3a8dac6413f704fef7161d048bb10c58bdac6cbffa5e60efa56e9a3"},
    {file = "lupa-2.8-cp312-abi3-musllinux_1_2_aarch64.whl", hash = "sha256:54cff414f21f8cd8c6be4aae52541f3b9cd39602b59e3a3db9b5c9f9f674ff18"},
    {file = "lupa-2.8-cp312-abi3-musllinux_1_2_armv7l.whl", hash = "sha256:24b4d8af5558e549b70daf1547f5c1c1d664ecea9fc790f83efe5d75e9a93797"},
    {file = "lupa-2.8-cp312-abi3-musllinux_1_2_i686.whl", hash = "sha256:ce86dff1ee7f7cf45f5622065ae991949dd7bb1703581cbc58a630137bb7ccf9"},
    {file = "lupa-2.8-cp312-abi3-musllinux_1_2_ppc64le.whl", hash = "sha256:f4d01b2a08c70bbb883a9e082b6b36b89121ed5910b710f1ba11c73295ff4fba"},
    {file = "lupa-2.8-cp312-abi3-musllinux_1_2_riscv64.whl", hash = "sha256:7f210d5a8353e510ea1199c42cf3cbdd630553bf2bc8fb4c00fea06fdec7c798"},
    {file = "lupa-2.8-cp312-abi3-musllinux_1_2_x86_64.whl", hash = "sha256:4f81a02806e7c7ad26d8c6fa222c8bef1b0c1b124347c879be880b41339d41e4"},
    {file = "lupa-2.8-cp312-abi3-win32.whl", hash = "sha256:360056453a7a4eaa4ac5a204c31a5a014b1eb2ee5490603234d2ba831684f1f2"},
    {file = "lupa-2.8-cp312-abi3-win_arm64.whl", hash = "sha256:1628371c6592a6d5650497a9e31fb2bb3a7e9883c1f301d1111265e484045af9"},
    {file = "lupa-2.8-cp312-cp312-macosx_11_0_arm64.whl", hash = "sha256:450650f91c48c2415b0d59ab3abfcfda3b6efb5b858205f4d4bda8ad141fa529"},
    {file = "lupa-2.8-cp312-cp312-manylinux2014_aarch64.manylinux_2_17_aarch64.manylinux_2_28_aarch64.whl", hash = "sha256:27044f3363047f946b3d3aab9157cbd172b3538ada9ec1baef43432bf7d03a78"},
    {file = "lupa-2.8-cp312-cp312-manylinux2014_x86_64.manylinux_2_17_x86_64.manylinux_2_28_x86_64.whl", hash = "sha256:8cf4f064a0e5531afce2d7d750120c10c10f9529139af6ca6150d13151034398"},
    {file = "lupa-2.8-cp312-cp312-win_amd64.whl", hash = "sha256:281bedc5deb92d31e649a3552edd662449365a635904fa4d5cb4509c7245e34e"},
    {file = "lupa-2.8-cp39-abi3-macosx_10_9_x86_64.whl", hash = "sha256:b036738282a5acd2e71fdddb317c9df8b87c1673aa57f403d05fcc2be8abc4ba"},
    {file = "lupa-2.8-cp39-abi3-manylinux2010_i686.manylinux_2_12_i686.manylinux_2_28_i686.whl", hash = "sha256:ac6b6e8d0e617e26a98cbb44880bcd75de5d32b3ad7b3b3793583909292b47ed"},
    {file = "lupa-2.8-cp39-abi3-manylinux2014_armv7l.manylinux_2_17_armv7l.manylinux_2_31_armv7l.whl", hash = "sha256:ba3a7dd839f90c3d2e53bebe3c192b1f3f9fd720a6781256405123211fd0dce6"},
    {file = "lupa-2.8-cp39-abi3-manylinux2014_ppc64le.manylinux_2_17_ppc64le.manylinux_2_28_ppc64le.whl", hash = "sha256:d7edb13a7a5250b5c6c22d1495d9e842b5c9fc5081c8fe6b5efe2112fe3e41f9"},
    {file = "lupa-2.8-cp39-abi3-manylinux_2_34_riscv64.manylinux_2_39_riscv64.whl", hash = "sha256:891f72e0bffbed1e4175f975aeb2a083956586a100066525e1be485f617f7b25"},
    {file = "lupa-2.8-cp39-abi3-musllinux_1_2_aarch64.whl", hash = "sha256:a295f87b5b7ebbfd5191932e8cb0e51df3c7769101ac6b6c7d7c9fb27bfd1307"},
    {file = "lupa-2.8-cp39-abi3-musllinux_1_2_armv7l.whl", hash = "sha256:4fe5d7a810b64ea8511eb885fc8cdde042ee5ff7b7d08ae78f32449756acb177"},
    {file = "lupa-2.8-cp39-abi3-musllinux_1_2_i686.whl", hash = "sha256:bfc470012ef66ad064c7bd77416af03a3452ef630b04b9012595ea13f2e54518"},
    {file = "lupa-2.8-cp39-abi3-musllinux_1_2_ppc64le.whl", hash = "sha256:250e035fdaffe8c87093e3ebc206ac29a26131b1568ea711d780c26001ce96e7"},
    {file = "lupa-2.8-cp39-abi3-musllinux_1_2_riscv64.whl", hash = "sha256:b9bddb09acfffb4f828f790f444b11dc0cca591afea1a244d9329eea2d20c003"},
    {file = "lupa-2.8-cp39-abi3-musllinux_1_2_x86_64.whl", hash = "sha256:2e64acbbd47e9b82a64405a39e0d2b36a5a7dad8ab41c0f3437f572f7d282ba3"},
    {file = "lupa-2.8.tar.gz", hash = "sha256:d8022641b9ec8ecf2c5ecbe9f47e5a70e0b87c4b5ae921b92cb02a638e0acd08"},
]

[[package]]
name = "markdownify"
version = "1.2.3"
summary = ""
dependencies = [
    "beautifulsoup4",
    "six",
]
files = [
    {file = "markdownify-1.2.3-py3-none-any.whl", hash = "sha256:a189a0bedfd14009030fde5f85bb6f77c56897cb839b5c25315dd7d4e3e290ba"},
    {file = "markdownify-1.2.3.tar.gz", hash = "sha256:1a176f05522c8a2cb1dd3ab9d307dcdadbed5c26ae717855bfc42b3b6d38d937"},
]

[[package]]
name = "mistletoe"
version = "1.6.0"
summary = ""
files = [
    {file = "mistletoe-1.6.0-py3-none-any.whl", hash = "sha256:53f9dfb859e9b2d309915d0f06c3876253d1e24d568d0b728a32679eb4f0a187"},
    {file = "mistletoe-1.6.0.tar.gz", hash = "sha256:92f066c4720a25fa24bf260e6413702bbff3a5b8a93af314cb6cd8589726a8e1"},
]

[[package]]
name = "multimethod"
version = "2.1"
summary = ""
files = [
    {file = "multimethod-2.1-py3-none-any.whl", hash = "sha256:54b5256562351762a275dd65571b5d6db750848f1eb6bb21c61cb5ff2748b663"},
    {file = "multimethod-2.1.tar.gz", hash = "sha256:c59e75fbe51516ed632d3df4b56df0876747be001c068d3ee1e83e9f65c2846f"},
]

[[package]]
name = "six"
version = "1.17.0"
summary = ""
files = [
    {file = "six-1.17.0-py2.py3-none-any.whl", hash = "sha256:4721f391ed90541fddacab5acf947aa0d3dc7d27b2e1e8eda2be8970586c3274"},
    {file = "six-1.17.0.tar.gz", hash = "sha256:ff70335d468e7eb6ec65b95b99d3a2836546063f63acc5171de367e834932a81"},
]

[[package]]
name = "soupsieve"
version = "2.9.2"
summary = ""
files = [
    {file = "soupsieve-2.9.2-py3-none-any.whl", hash = "sha256:8089a26fd974ca7a1f30276d3d8492ab266ab15af581642dfe8aa162e0c1c823"},
    {file = "soupsieve-2.9.2.tar.gz", hash = "sha256:4a55d8cf158a9c2e587fa4922f1bbb91d68ac829e2d6f25403a85747c71daf74"},
]

[[package]]
name = "typing-extensions"
version = "4.16.0"
summary = ""
files = [
    {file = "typing_extensions-4.16.0-py3-none-any.whl", hash = "sha256:481caa481374e813c1b176ada14e97f1f67a4539ce9cfeb3f350d78d6370c2e8"},
    {file = "typing_extensions-4.16.0.tar.gz", hash = "sha256:dc983d19a509c94dba722ee6abd33940f7c05a89e243c47e907eb4db6f1a43e5"},
]
